
Microsoft Visual Studio Solution File, Format Version 12.00
# Visual Studio Version 17
VisualStudioVersion = 17.14.36401.2
MinimumVisualStudioVersion = 10.0.40219.1
Project("{FAE04EC0-301F-11D3-BF4B-00C04F79EFBC}") = "TestAssignment.Domain", "TestAssignment.Domain\TestAssignment.Domain.csproj", "{7D6638C4-7972-4BF1-B154-85231FC5C42E}"
EndProject
Project("{FAE04EC0-301F-11D3-BF4B-00C04F79EFBC}") = "TestAssignment.Application", "TestAssignment.Application\TestAssignment.Application.csproj", "{130FE58A-8D37-4CCE-A8A3-5BFDDAC73FD0}"
EndProject
Project("{FAE04EC0-301F-11D3-BF4B-00C04F79EFBC}") = "TestAssignment.Infrastructure", "TestAssignment.Infrastructure\TestAssignment.Infrastructure.csproj", "{DEDD676E-232B-4C6A-8388-1AEDF2718C3A}"
EndProject
Project("{FAE04EC0-301F-11D3-BF4B-00C04F79EFBC}") = "TestAssignment.API", "TestAssignment.API\TestAssignment.API.csproj", "{CC26E652-227D-461D-839A-3387C626DB25}"
EndProject
Global
	GlobalSection(SolutionConfigurationPlatforms) = preSolution
		Debug|Any CPU = Debug|Any CPU
		Debug|x64 = Debug|x64
		Debug|x86 = Debug|x86
		Release|Any CPU = Release|Any CPU
		Release|x64 = Release|x64
		Release|x86 = Release|x86
	EndGlobalSection
	GlobalSection(ProjectConfigurationPlatforms) = postSolution
		{7D6638C4-7972-4BF1-B154-85231FC5C42E}.Debug|Any CPU.ActiveCfg = Debug|Any CPU
		{7D6638C4-7972-4BF1-B154-85231FC5C42E}.Debug|Any CPU.Build.0 = Debug|Any CPU
		{7D6638C4-7972-4BF1-B154-85231FC5C42E}.Debug|x64.ActiveCfg = Debug|Any CPU
		{7D6638C4-7972-4BF1-B154-85231FC5C42E}.Debug|x64.Build.0 = Debug|Any CPU
		{7D6638C4-7972-4BF1-B154-85231FC5C42E}.Debug|x86.ActiveCfg = Debug|Any CPU
		{7D6638C4-7972-4BF1-B154-85231FC5C42E}.Debug|x86.Build.0 = Debug|Any CPU
		{7D6638C4-7972-4BF1-B154-85231FC5C42E}.Release|Any CPU.ActiveCfg = Release|Any CPU
		{7D6638C4-7972-4BF1-B154-85231FC5C42E}.Release|Any CPU.Build.0 = Release|Any CPU
		{7D6638C4-7972-4BF1-B154-85231FC5C42E}.Release|x64.ActiveCfg = Release|Any CPU
		{7D6638C4-7972-4BF1-B154-85231FC5C42E}.Release|x64.Build.0 = Release|Any CPU
		{7D6638C4-7972-4BF1-B154-85231FC5C42E}.Release|x86.ActiveCfg = Release|Any CPU
		{7D6638C4-7972-4BF1-B154-85231FC5C42E}.Release|x86.Build.0 = Release|Any CPU
		{130FE58A-8D37-4CCE-A8A3-5BFDDAC73FD0}.Debug|Any CPU.ActiveCfg = Debug|Any CPU
		{130FE58A-8D37-4CCE-A8A3-5BFDDAC73FD0}.Debug|Any CPU.Build.0 = Debug|Any CPU
		{130FE58A-8D37-4CCE-A8A3-5BFDDAC73FD0}.Debug|x64.ActiveCfg = Debug|Any CPU
		{130FE58A-8D37-4CCE-A8A3-5BFDDAC73FD0}.Debug|x64.Build.0 = Debug|Any CPU
		{130FE58A-8D37-4CCE-A8A3-5BFDDAC73FD0}.Debug|x86.ActiveCfg = Debug|Any CPU
		{130FE58A-8D37-4CCE-A8A3-5BFDDAC73FD0}.Debug|x86.Build.0 = Debug|Any CPU
		{130FE58A-8D37-4CCE-A8A3-5BFDDAC73FD0}.Release|Any CPU.ActiveCfg = Release|Any CPU
		{130FE58A-8D37-4CCE-A8A3-5BFDDAC73FD0}.Release|Any CPU.Build.0 = Release|Any CPU
		{130FE58A-8D37-4CCE-A8A3-5BFDDAC73FD0}.Release|x64.ActiveCfg = Release|Any CPU
		{130FE58A-8D37-4CCE-A8A3-5BFDDAC73FD0}.Release|x64.Build.0 = Release|Any CPU
		{130FE58A-8D37-4CCE-A8A3-5BFDDAC73FD0}.Release|x86.ActiveCfg = Release|Any CPU
		{130FE58A-8D37-4CCE-A8A3-5BFDDAC73FD0}.Release|x86.Build.0 = Release|Any CPU
		{DEDD676E-232B-4C6A-8388-1AEDF2718C3A}.Debug|Any CPU.ActiveCfg = Debug|Any CPU
		{DEDD676E-232B-4C6A-8388-1AEDF2718C3A}.Debug|Any CPU.Build.0 = Debug|Any CPU
		{DEDD676E-232B-4C6A-8388-1AEDF2718C3A}.Debug|x64.ActiveCfg = Debug|Any CPU
		{DEDD676E-232B-4C6A-8388-1AEDF2718C3A}.Debug|x64.Build.0 = Debug|Any CPU
		{DEDD676E-232B-4C6A-8388-1AEDF2718C3A}.Debug|x86.ActiveCfg = Debug|Any CPU
		{DEDD676E-232B-4C6A-8388-1AEDF2718C3A}.Debug|x86.Build.0 = Debug|Any CPU
		{DEDD676E-232B-4C6A-8388-1AEDF2718C3A}.Release|Any CPU.ActiveCfg = Release|Any CPU
		{DEDD676E-232B-4C6A-8388-1AEDF2718C3A}.Release|Any CPU.Build.0 = Release|Any CPU
		{DEDD676E-232B-4C6A-8388-1AEDF2718C3A}.Release|x64.ActiveCfg = Release|Any CPU
		{DEDD676E-232B-4C6A-8388-1AEDF2718C3A}.Release|x64.Build.0 = Release|Any CPU
		{DEDD676E-232B-4C6A-8388-1AEDF2718C3A}.Release|x86.ActiveCfg = Release|Any CPU
		{DEDD676E-232B-4C6A-8388-1AEDF2718C3A}.Release|x86.Build.0 = Release|Any CPU
		{CC26E652-227D-461D-839A-3387C626DB25}.Debug|Any CPU.ActiveCfg = Debug|Any CPU
		{CC26E652-227D-461D-839A-3387C626DB25}.Debug|Any CPU.Build.0 = Debug|Any CPU
		{CC26E652-227D-461D-839A-3387C626DB25}.Debug|x64.ActiveCfg = Debug|Any CPU
		{CC26E652-227D-461D-839A-3387C626DB25}.Debug|x64.Build.0 = Debug|Any CPU
		{CC26E652-227D-461D-839A-3387C626DB25}.Debug|x86.ActiveCfg = Debug|Any CPU
		{CC26E652-227D-461D-839A-3387C626DB25}.Debug|x86.Build.0 = Debug|Any CPU
		{CC26E652-227D-461D-839A-3387C626DB25}.Release|Any CPU.ActiveCfg = Release|Any CPU
		{CC26E652-227D-461D-839A-3387C626DB25}.Release|Any CPU.Build.0 = Release|Any CPU
		{CC26E652-227D-461D-839A-3387C626DB25}.Release|x64.ActiveCfg = Release|Any CPU
		{CC26E652-227D-461D-839A-3387C626DB25}.Release|x64.Build.0 = Release|Any CPU
		{CC26E652-227D-461D-839A-3387C626DB25}.Release|x86.ActiveCfg = Release|Any CPU
		{CC26E652-227D-461D-839A-3387C626DB25}.Release|x86.Build.0 = Release|Any CPU
	EndGlobalSection
	GlobalSection(SolutionProperties) = preSolution
		HideSolutionNode = FALSE
	EndGlobalSection
	GlobalSection(ExtensibilityGlobals) = postSolution
		SolutionGuid = {BA8D71E1-8A6D-4A2D-8E45-330858511EEE}
	EndGlobalSection
EndGlobal
